
Microsoft Visual Studio Solution File, Format Version 12.00
# Visual Studio 2012
Project("{FAE04EC0-301F-11D3-BF4B-00C04F79EFBC}") = "Scheduler", "Scheduler\Scheduler.csproj", "{A541CC35-7B9D-4F60-87A4-303DC6AA6696}"
EndProject
Global
	GlobalSection(SolutionConfigurationPlatforms) = preSolution
		Debug|Any CPU = Debug|Any CPU
		Release|Any CPU = Release|Any CPU
	EndGlobalSection
	GlobalSection(ProjectConfigurationPlatforms) = postSolution
		{A541CC35-7B9D-4F60-87A4-303DC6AA6696}.Debug|Any CPU.ActiveCfg = Debug|Any CPU
		{A541CC35-7B9D-4F60-87A4-303DC6AA6696}.Debug|Any CPU.Build.0 = Debug|Any CPU
		{A541CC35-7B9D-4F60-87A4-303DC6AA6696}.Release|Any CPU.ActiveCfg = Release|Any CPU
		{A541CC35-7B9D-4F60-87A4-303DC6AA6696}.Release|Any CPU.Build.0 = Release|Any CPU
	EndGlobalSection
	GlobalSection(SolutionProperties) = preSolution
		HideSolutionNode = FALSE
	EndGlobalSection
EndGlobal
